{
  "name": "SAE_Kairo",
  "lockfileVersion": 2,
  "requires": true,
  "packages": {
    "": {
      "dependencies": {
        "scss-reset": "^1.2.2"
      },
      "devDependencies": {
        "scss-base": "^1.5.0"
      }
    },
    "node_modules/scss-base": {
      "version": "1.5.0",
      "resolved": "https://registry.npmjs.org/scss-base/-/scss-base-1.5.0.tgz",
      "integrity": "sha512-/p4aeW2QyoacGomHpZ09hfX2T8XkOv5RiKcr8KkQmTgVOXJssk3Obt3lxEmFxpFgF0JultB8ga2HVPe2KOoMnA==",
      "dev": true
    },
    "node_modules/scss-reset": {
      "version": "1.2.2",
      "resolved": "https://registry.npmjs.org/scss-reset/-/scss-reset-1.2.2.tgz",
      "integrity": "sha512-y3QLhXQCiwS5YxYSl4nGQkyIvaCtMm6O8V7clVrIihWQGOEv1IpEpLGpcOWOasizc+DEEMyge1Peu0BCmeu/bg=="
    }
  },
  "dependencies": {
    "scss-base": {
      "version": "1.5.0",
      "resolved": "https://registry.npmjs.org/scss-base/-/scss-base-1.5.0.tgz",
      "integrity": "sha512-/p4aeW2QyoacGomHpZ09hfX2T8XkOv5RiKcr8KkQmTgVOXJssk3Obt3lxEmFxpFgF0JultB8ga2HVPe2KOoMnA==",
      "dev": true
    },
    "scss-reset": {
      "version": "1.2.2",
      "resolved": "https://registry.npmjs.org/scss-reset/-/scss-reset-1.2.2.tgz",
      "integrity": "sha512-y3QLhXQCiwS5YxYSl4nGQkyIvaCtMm6O8V7clVrIihWQGOEv1IpEpLGpcOWOasizc+DEEMyge1Peu0BCmeu/bg=="
    }
  }
}
